{
  "version": 4,
  "terraform_version": "1.11.4",
  "serial": 41,
  "lineage": "15a84602-2af4-3275-e065-cdc5388792b3",
  "outputs": {},
  "resources": [
    {
      "mode": "data",
      "type": "template_file",
      "name": "network_config",
      "provider": "provider[\"registry.terraform.io/hashicorp/template\"]",
      "instances": [
        {
          "schema_version": 0,
          "attributes": {
            "filename": null,
            "id": "b36a1372ce4ea68b514354202c26c0365df9a17f25cd5acdeeaea525cd913edc",
            "rendered": "version: 2\nethernets:\n  ens3:\n    dhcp4: true\n",
            "template": "version: 2\nethernets:\n  ens3:\n    dhcp4: true\n",
            "vars": null
          },
          "sensitive_attributes": []
        }
      ]
    },
    {
      "mode": "data",
      "type": "template_file",
      "name": "user_data",
      "provider": "provider[\"registry.terraform.io/hashicorp/template\"]",
      "instances": [
        {
          "schema_version": 0,
          "attributes": {
            "filename": null,
            "id": "ead573d43d8fb13809bf0e23e39c24e72a89cda11ca09013ffbc144aa6eb972e",
            "rendered": "#cloud-config\npassword: test321\nssh_pwauth: true\nchpasswd:\n  expire: false\n",
            "template": "#cloud-config\npassword: test321\nssh_pwauth: true\nchpasswd:\n  expire: false\n",
            "vars": null
          },
          "sensitive_attributes": []
        }
      ]
    },
    {
      "mode": "managed",
      "type": "libvirt_cloudinit_disk",
      "name": "commoninit",
      "provider": "provider[\"registry.terraform.io/dmacvicar/libvirt\"]",
      "instances": [
        {
          "schema_version": 0,
          "attributes": {
            "id": "/srv/vms/terraform-provider-libvirt-pool-ubuntu3/commoninit.iso;7f915de4-8543-446e-a67c-37cc3fbccf4b",
            "meta_data": "",
            "name": "commoninit.iso",
            "network_config": "version: 2\nethernets:\n  ens3:\n    dhcp4: true\n",
            "pool": "ubuntu3",
            "user_data": "#cloud-config\npassword: test321\nssh_pwauth: true\nchpasswd:\n  expire: false\n"
          },
          "sensitive_attributes": [],
          "private": "bnVsbA==",
          "dependencies": [
            "data.template_file.network_config",
            "data.template_file.user_data",
            "libvirt_pool.ubuntu"
          ]
        }
      ]
    },
    {
      "mode": "managed",
      "type": "libvirt_domain",
      "name": "domain-ubuntu",
      "provider": "provider[\"registry.terraform.io/dmacvicar/libvirt\"]",
      "instances": [
        {
          "schema_version": 0,
          "attributes": {
            "arch": "x86_64",
            "autostart": false,
            "boot_device": [],
            "cloudinit": "/srv/vms/terraform-provider-libvirt-pool-ubuntu3/commoninit.iso;7f915de4-8543-446e-a67c-37cc3fbccf4b",
            "cmdline": [],
            "console": [
              {
                "source_host": "127.0.0.1",
                "source_path": "",
                "source_service": "0",
                "target_port": "0",
                "target_type": "serial",
                "type": "pty"
              },
              {
                "source_host": "127.0.0.1",
                "source_path": "",
                "source_service": "0",
                "target_port": "1",
                "target_type": "virtio",
                "type": "pty"
              }
            ],
            "coreos_ignition": null,
            "cpu": [
              {
                "mode": "custom"
              }
            ],
            "description": "",
            "disk": [
              {
                "block_device": "",
                "file": "",
                "scsi": false,
                "url": "",
                "volume_id": "/srv/vms/terraform-provider-libvirt-pool-ubuntu3/ubuntu-qcow2-now",
                "wwn": ""
              }
            ],
            "emulator": "/usr/bin/qemu-system-x86_64",
            "filesystem": [],
            "firmware": null,
            "fw_cfg_name": "opt/com.coreos/config",
            "graphics": [
              {
                "autoport": true,
                "listen_address": "127.0.0.1",
                "listen_type": "address",
                "type": "spice",
                "websocket": 0
              }
            ],
            "id": "df1fa9f0-9635-4b83-a1ec-98cfe89230b4",
            "initrd": "",
            "kernel": "",
            "machine": "pc",
            "memory": 2048,
            "metadata": null,
            "name": "ubuntu-terraform-wordpress",
            "network_interface": [
              {
                "addresses": [
                  "192.168.122.165"
                ],
                "bridge": "",
                "hostname": "",
                "mac": "52:54:00:9E:5A:15",
                "macvtap": "",
                "network_id": "c540bdcc-46ed-4e33-a5f4-2226cce326f8",
                "network_name": "default",
                "passthrough": "",
                "private": "",
                "vepa": "",
                "wait_for_lease": false
              }
            ],
            "nvram": [],
            "qemu_agent": false,
            "running": true,
            "timeouts": null,
            "tpm": [],
            "type": "kvm",
            "vcpu": 2,
            "video": [],
            "xml": []
          },
          "sensitive_attributes": [],
          "private": "eyJlMmJmYjczMC1lY2FhLTExZTYtOGY4OC0zNDM2M2JjN2M0YzAiOnsiY3JlYXRlIjozMDAwMDAwMDAwMDB9fQ==",
          "dependencies": [
            "data.template_file.network_config",
            "data.template_file.user_data",
            "libvirt_cloudinit_disk.commoninit",
            "libvirt_pool.ubuntu",
            "libvirt_volume.ubuntu-qcow2-now"
          ]
        }
      ]
    },
    {
      "mode": "managed",
      "type": "libvirt_pool",
      "name": "ubuntu",
      "provider": "provider[\"registry.terraform.io/dmacvicar/libvirt\"]",
      "instances": [
        {
          "schema_version": 0,
          "attributes": {
            "allocation": 68048609280,
            "available": 44883447808,
            "capacity": 112932057088,
            "id": "c2de92b8-6703-4778-a41d-b9ee609f9264",
            "name": "ubuntu3",
            "path": "/srv/vms/terraform-provider-libvirt-pool-ubuntu3",
            "source": [],
            "target": [],
            "type": "dir",
            "xml": []
          },
          "sensitive_attributes": [],
          "private": "bnVsbA=="
        }
      ]
    },
    {
      "mode": "managed",
      "type": "libvirt_volume",
      "name": "ubuntu-qcow2-now",
      "provider": "provider[\"registry.terraform.io/dmacvicar/libvirt\"]",
      "instances": [
        {
          "schema_version": 0,
          "attributes": {
            "base_volume_id": null,
            "base_volume_name": null,
            "base_volume_pool": null,
            "format": "qcow2",
            "id": "/srv/vms/terraform-provider-libvirt-pool-ubuntu3/ubuntu-qcow2-now",
            "name": "ubuntu-qcow2-now",
            "pool": "ubuntu3",
            "size": 10737418240,
            "source": "/home/nguyentan/Documents/labVDT/packer-notes/docs/chap2/output-wordpress-jammy/ubuntu-wordpress-jammy.img",
            "xml": []
          },
          "sensitive_attributes": [],
          "private": "bnVsbA==",
          "dependencies": [
            "libvirt_pool.ubuntu"
          ]
        }
      ]
    }
  ],
  "check_results": null
}
